// !$*UTF8*$!
{
	archiveVersion = 1;
	classes = {
	};
	objectVersion = 46;
	objects = {

/* Begin PBXBuildFile section */
		FE71E0C91BA6B92800E56671 /* main.m in Sources */ = {isa = PBXBuildFile; fileRef = FE71E0C81BA6B92800E56671 /* main.m */; };
		FE71E0CC1BA6B92800E56671 /* AppDelegate.m in Sources */ = {isa = PBXBuildFile; fileRef = FE71E0CB1BA6B92800E56671 /* AppDelegate.m */; };
		FE71E0CF1BA6B92800E56671 /* ViewController.m in Sources */ = {isa = PBXBuildFile; fileRef = FE71E0CE1BA6B92800E56671 /* ViewController.m */; };
		FE71E0D41BA6B92800E56671 /* Images.xcassets in Resources */ = {isa = PBXBuildFile; fileRef = FE71E0D31BA6B92800E56671 /* Images.xcassets */; };
		FE71E0D71BA6B92800E56671 /* LaunchScreen.xib in Resources */ = {isa = PBXBuildFile; fileRef = FE71E0D51BA6B92800E56671 /* LaunchScreen.xib */; };
		FE71E0E31BA6B92800E56671 /* goodsDetailTests.m in Sources */ = {isa = PBXBuildFile; fileRef = FE71E0E21BA6B92800E56671 /* goodsDetailTests.m */; };
		FE71E0FA1BA6BB0800E56671 /* PDMainViewController.m in Sources */ = {isa = PBXBuildFile; fileRef = FE71E0F11BA6BB0800E56671 /* PDMainViewController.m */; };
		FE71E0FB1BA6BB0800E56671 /* PDMainViewController.xib in Resources */ = {isa = PBXBuildFile; fileRef = FE71E0F21BA6BB0800E56671 /* PDMainViewController.xib */; };
		FE71E0FE1BA6BB0800E56671 /* PDSubViewController.m in Sources */ = {isa = PBXBuildFile; fileRef = FE71E0F81BA6BB0800E56671 /* PDSubViewController.m */; };
		FE71E0FF1BA6BB0800E56671 /* PDSubViewController.xib in Resources */ = {isa = PBXBuildFile; fileRef = FE71E0F91BA6BB0800E56671 /* PDSubViewController.xib */; };
		FE71E10B1BA6BF2900E56671 /* PDPullDownRefreshView.m in Sources */ = {isa = PBXBuildFile; fileRef = FE71E1061BA6BF2900E56671 /* PDPullDownRefreshView.m */; };
		FE71E10D1BA6BF2900E56671 /* PDPullUpRefreshView.m in Sources */ = {isa = PBXBuildFile; fileRef = FE71E10A1BA6BF2900E56671 /* PDPullUpRefreshView.m */; };
		FE71E1101BA6BF5200E56671 /* ProductV2.m in Sources */ = {isa = PBXBuildFile; fileRef = FE71E10F1BA6BF5200E56671 /* ProductV2.m */; };
		FE71E11C1BA6C03F00E56671 /* PDBottomView.m in Sources */ = {isa = PBXBuildFile; fileRef = FE71E1141BA6C03E00E56671 /* PDBottomView.m */; };
		FE71E11D1BA6C03F00E56671 /* PDDetailNavbar.m in Sources */ = {isa = PBXBuildFile; fileRef = FE71E1161BA6C03F00E56671 /* PDDetailNavbar.m */; };
		FE71E11E1BA6C03F00E56671 /* PDHeaderView.m in Sources */ = {isa = PBXBuildFile; fileRef = FE71E1181BA6C03F00E56671 /* PDHeaderView.m */; };
		FE71E11F1BA6C03F00E56671 /* PDHeadImageView.m in Sources */ = {isa = PBXBuildFile; fileRef = FE71E11A1BA6C03F00E56671 /* PDHeadImageView.m */; };
		FE71E1221BA6C21F00E56671 /* FiniteScrollView.m in Sources */ = {isa = PBXBuildFile; fileRef = FE71E1211BA6C21F00E56671 /* FiniteScrollView.m */; };
		FE71E1251BA6C28B00E56671 /* SDWebImage in Resources */ = {isa = PBXBuildFile; fileRef = FE71E1241BA6C28B00E56671 /* SDWebImage */; };
		FE71E1261BA6C35800E56671 /* SDWebImage in Sources */ = {isa = PBXBuildFile; fileRef = FE71E1241BA6C28B00E56671 /* SDWebImage */; };
		FE71E1351BA6C41C00E56671 /* PDBaseTableCell.m in Sources */ = {isa = PBXBuildFile; fileRef = FE71E1291BA6C41C00E56671 /* PDBaseTableCell.m */; };
		FE71E1371BA6C41C00E56671 /* PDDescribeCell.m in Sources */ = {isa = PBXBuildFile; fileRef = FE71E12D1BA6C41C00E56671 /* PDDescribeCell.m */; };
		FE71E1391BA6C41C00E56671 /* PDPullUpRefreshCell.m in Sources */ = {isa = PBXBuildFile; fileRef = FE71E1311BA6C41C00E56671 /* PDPullUpRefreshCell.m */; };
		FE71E13A1BA6C41C00E56671 /* PDSubViewPhotoCell.m in Sources */ = {isa = PBXBuildFile; fileRef = FE71E1331BA6C41C00E56671 /* PDSubViewPhotoCell.m */; };
		FE71E13B1BA6C41C00E56671 /* PDSubViewPhotoCell.xib in Resources */ = {isa = PBXBuildFile; fileRef = FE71E1341BA6C41C00E56671 /* PDSubViewPhotoCell.xib */; };
		FE71E13F1BA6CBCE00E56671 /* SCNavigator.m in Sources */ = {isa = PBXBuildFile; fileRef = FE71E13E1BA6CBCE00E56671 /* SCNavigator.m */; };
		FE71E1421BA6CE2200E56671 /* PhotoItem.m in Sources */ = {isa = PBXBuildFile; fileRef = FE71E1411BA6CE2200E56671 /* PhotoItem.m */; };
		FE71E1441BA6D08D00E56671 /* CoreGraphics.framework in Frameworks */ = {isa = PBXBuildFile; fileRef = FE71E1431BA6D08D00E56671 /* CoreGraphics.framework */; };
		FE71E14B1BA6E69A00E56671 /* 1.png in Resources */ = {isa = PBXBuildFile; fileRef = FE71E1461BA6E69A00E56671 /* 1.png */; };
		FE71E14C1BA6E69A00E56671 /* 2.png in Resources */ = {isa = PBXBuildFile; fileRef = FE71E1471BA6E69A00E56671 /* 2.png */; };
		FE71E14D1BA6E69A00E56671 /* 3.png in Resources */ = {isa = PBXBuildFile; fileRef = FE71E1481BA6E69A00E56671 /* 3.png */; };
		FE71E14E1BA6E69A00E56671 /* 4.png in Resources */ = {isa = PBXBuildFile; fileRef = FE71E1491BA6E69A00E56671 /* 4.png */; };
		FE71E14F1BA6E69A00E56671 /* 5.png in Resources */ = {isa = PBXBuildFile; fileRef = FE71E14A1BA6E69A00E56671 /* 5.png */; };
/* End PBXBuildFile section */

/* Begin PBXContainerItemProxy section */
		FE71E0DD1BA6B92800E56671 /* PBXContainerItemProxy */ = {
			isa = PBXContainerItemProxy;
			containerPortal = FE71E0BB1BA6B92800E56671 /* Project object */;
			proxyType = 1;
			remoteGlobalIDString = FE71E0C21BA6B92800E56671;
			remoteInfo = goodsDetail;
		};
/* End PBXContainerItemProxy section */

/* Begin PBXFileReference section */
		FE71E0C31BA6B92800E56671 /* goodsDetail.app */ = {isa = PBXFileReference; explicitFileType = wrapper.application; includeInIndex = 0; path = goodsDetail.app; sourceTree = BUILT_PRODUCTS_DIR; };
		FE71E0C71BA6B92800E56671 /* Info.plist */ = {isa = PBXFileReference; lastKnownFileType = text.plist.xml; path = Info.plist; sourceTree = "<group>"; };
		FE71E0C81BA6B92800E56671 /* main.m */ = {isa = PBXFileReference; lastKnownFileType = sourcecode.c.objc; path = main.m; sourceTree = "<group>"; };
		FE71E0CA1BA6B92800E56671 /* AppDelegate.h */ = {isa = PBXFileReference; lastKnownFileType = sourcecode.c.h; path = AppDelegate.h; sourceTree = "<group>"; };
		FE71E0CB1BA6B92800E56671 /* AppDelegate.m */ = {isa = PBXFileReference; lastKnownFileType = sourcecode.c.objc; path = AppDelegate.m; sourceTree = "<group>"; };
		FE71E0CD1BA6B92800E56671 /* ViewController.h */ = {isa = PBXFileReference; lastKnownFileType = sourcecode.c.h; path = ViewController.h; sourceTree = "<group>"; };
		FE71E0CE1BA6B92800E56671 /* ViewController.m */ = {isa = PBXFileReference; lastKnownFileType = sourcecode.c.objc; path = ViewController.m; sourceTree = "<group>"; };
		FE71E0D31BA6B92800E56671 /* Images.xcassets */ = {isa = PBXFileReference; lastKnownFileType = folder.assetcatalog; path = Images.xcassets; sourceTree = "<group>"; };
		FE71E0D61BA6B92800E56671 /* Base */ = {isa = PBXFileReference; lastKnownFileType = file.xib; name = Base; path = Base.lproj/LaunchScreen.xib; sourceTree = "<group>"; };
		FE71E0DC1BA6B92800E56671 /* goodsDetailTests.xctest */ = {isa = PBXFileReference; explicitFileType = wrapper.cfbundle; includeInIndex = 0; path = goodsDetailTests.xctest; sourceTree = BUILT_PRODUCTS_DIR; };
		FE71E0E11BA6B92800E56671 /* Info.plist */ = {isa = PBXFileReference; lastKnownFileType = text.plist.xml; path = Info.plist; sourceTree = "<group>"; };
		FE71E0E21BA6B92800E56671 /* goodsDetailTests.m */ = {isa = PBXFileReference; lastKnownFileType = sourcecode.c.objc; path = goodsDetailTests.m; sourceTree = "<group>"; };
		FE71E0F01BA6BB0800E56671 /* PDMainViewController.h */ = {isa = PBXFileReference; fileEncoding = 4; lastKnownFileType = sourcecode.c.h; path = PDMainViewController.h; sourceTree = "<group>"; };
		FE71E0F11BA6BB0800E56671 /* PDMainViewController.m */ = {isa = PBXFileReference; fileEncoding = 4; lastKnownFileType = sourcecode.c.objc; path = PDMainViewController.m; sourceTree = "<group>"; };
		FE71E0F21BA6BB0800E56671 /* PDMainViewController.xib */ = {isa = PBXFileReference; fileEncoding = 4; lastKnownFileType = file.xib; path = PDMainViewController.xib; sourceTree = "<group>"; };
		FE71E0F71BA6BB0800E56671 /* PDSubViewController.h */ = {isa = PBXFileReference; fileEncoding = 4; lastKnownFileType = sourcecode.c.h; path = PDSubViewController.h; sourceTree = "<group>"; };
		FE71E0F81BA6BB0800E56671 /* PDSubViewController.m */ = {isa = PBXFileReference; fileEncoding = 4; lastKnownFileType = sourcecode.c.objc; path = PDSubViewController.m; sourceTree = "<group>"; };
		FE71E0F91BA6BB0800E56671 /* PDSubViewController.xib */ = {isa = PBXFileReference; fileEncoding = 4; lastKnownFileType = file.xib; path = PDSubViewController.xib; sourceTree = "<group>"; };
		FE71E1051BA6BF2900E56671 /* PDPullDownRefreshView.h */ = {isa = PBXFileReference; fileEncoding = 4; lastKnownFileType = sourcecode.c.h; path = PDPullDownRefreshView.h; sourceTree = "<group>"; };
		FE71E1061BA6BF2900E56671 /* PDPullDownRefreshView.m */ = {isa = PBXFileReference; fileEncoding = 4; lastKnownFileType = sourcecode.c.objc; path = PDPullDownRefreshView.m; sourceTree = "<group>"; };
		FE71E1091BA6BF2900E56671 /* PDPullUpRefreshView.h */ = {isa = PBXFileReference; fileEncoding = 4; lastKnownFileType = sourcecode.c.h; path = PDPullUpRefreshView.h; sourceTree = "<group>"; };
		FE71E10A1BA6BF2900E56671 /* PDPullUpRefreshView.m */ = {isa = PBXFileReference; fileEncoding = 4; lastKnownFileType = sourcecode.c.objc; path = PDPullUpRefreshView.m; sourceTree = "<group>"; };
		FE71E10E1BA6BF5200E56671 /* ProductV2.h */ = {isa = PBXFileReference; fileEncoding = 4; lastKnownFileType = sourcecode.c.h; path = ProductV2.h; sourceTree = "<group>"; };
		FE71E10F1BA6BF5200E56671 /* ProductV2.m */ = {isa = PBXFileReference; fileEncoding = 4; lastKnownFileType = sourcecode.c.objc; path = ProductV2.m; sourceTree = "<group>"; };
		FE71E1131BA6C03E00E56671 /* PDBottomView.h */ = {isa = PBXFileReference; fileEncoding = 4; lastKnownFileType = sourcecode.c.h; path = PDBottomView.h; sourceTree = "<group>"; };
		FE71E1141BA6C03E00E56671 /* PDBottomView.m */ = {isa = PBXFileReference; fileEncoding = 4; lastKnownFileType = sourcecode.c.objc; path = PDBottomView.m; sourceTree = "<group>"; };
		FE71E1151BA6C03E00E56671 /* PDDetailNavbar.h */ = {isa = PBXFileReference; fileEncoding = 4; lastKnownFileType = sourcecode.c.h; path = PDDetailNavbar.h; sourceTree = "<group>"; };
		FE71E1161BA6C03F00E56671 /* PDDetailNavbar.m */ = {isa = PBXFileReference; fileEncoding = 4; lastKnownFileType = sourcecode.c.objc; path = PDDetailNavbar.m; sourceTree = "<group>"; };
		FE71E1171BA6C03F00E56671 /* PDHeaderView.h */ = {isa = PBXFileReference; fileEncoding = 4; lastKnownFileType = sourcecode.c.h; path = PDHeaderView.h; sourceTree = "<group>"; };
		FE71E1181BA6C03F00E56671 /* PDHeaderView.m */ = {isa = PBXFileReference; fileEncoding = 4; lastKnownFileType = sourcecode.c.objc; path = PDHeaderView.m; sourceTree = "<group>"; };
		FE71E1191BA6C03F00E56671 /* PDHeadImageView.h */ = {isa = PBXFileReference; fileEncoding = 4; lastKnownFileType = sourcecode.c.h; path = PDHeadImageView.h; sourceTree = "<group>"; };
		FE71E11A1BA6C03F00E56671 /* PDHeadImageView.m */ = {isa = PBXFileReference; fileEncoding = 4; lastKnownFileType = sourcecode.c.objc; path = PDHeadImageView.m; sourceTree = "<group>"; };
		FE71E1201BA6C21F00E56671 /* FiniteScrollView.h */ = {isa = PBXFileReference; fileEncoding = 4; lastKnownFileType = sourcecode.c.h; path = FiniteScrollView.h; sourceTree = "<group>"; };
		FE71E1211BA6C21F00E56671 /* FiniteScrollView.m */ = {isa = PBXFileReference; fileEncoding = 4; lastKnownFileType = sourcecode.c.objc; path = FiniteScrollView.m; sourceTree = "<group>"; };
		FE71E1241BA6C28B00E56671 /* SDWebImage */ = {isa = PBXFileReference; lastKnownFileType = folder; path = SDWebImage; sourceTree = "<group>"; };
		FE71E1281BA6C41C00E56671 /* PDBaseTableCell.h */ = {isa = PBXFileReference; fileEncoding = 4; lastKnownFileType = sourcecode.c.h; path = PDBaseTableCell.h; sourceTree = "<group>"; };
		FE71E1291BA6C41C00E56671 /* PDBaseTableCell.m */ = {isa = PBXFileReference; fileEncoding = 4; lastKnownFileType = sourcecode.c.objc; path = PDBaseTableCell.m; sourceTree = "<group>"; };
		FE71E12C1BA6C41C00E56671 /* PDDescribeCell.h */ = {isa = PBXFileReference; fileEncoding = 4; lastKnownFileType = sourcecode.c.h; path = PDDescribeCell.h; sourceTree = "<group>"; };
		FE71E12D1BA6C41C00E56671 /* PDDescribeCell.m */ = {isa = PBXFileReference; fileEncoding = 4; lastKnownFileType = sourcecode.c.objc; path = PDDescribeCell.m; sourceTree = "<group>"; };
		FE71E1301BA6C41C00E56671 /* PDPullUpRefreshCell.h */ = {isa = PBXFileReference; fileEncoding = 4; lastKnownFileType = sourcecode.c.h; path = PDPullUpRefreshCell.h; sourceTree = "<group>"; };
		FE71E1311BA6C41C00E56671 /* PDPullUpRefreshCell.m */ = {isa = PBXFileReference; fileEncoding = 4; lastKnownFileType = sourcecode.c.objc; path = PDPullUpRefreshCell.m; sourceTree = "<group>"; };
		FE71E1321BA6C41C00E56671 /* PDSubViewPhotoCell.h */ = {isa = PBXFileReference; fileEncoding = 4; lastKnownFileType = sourcecode.c.h; path = PDSubViewPhotoCell.h; sourceTree = "<group>"; };
		FE71E1331BA6C41C00E56671 /* PDSubViewPhotoCell.m */ = {isa = PBXFileReference; fileEncoding = 4; lastKnownFileType = sourcecode.c.objc; path = PDSubViewPhotoCell.m; sourceTree = "<group>"; };
		FE71E1341BA6C41C00E56671 /* PDSubViewPhotoCell.xib */ = {isa = PBXFileReference; fileEncoding = 4; lastKnownFileType = file.xib; path = PDSubViewPhotoCell.xib; sourceTree = "<group>"; };
		FE71E13D1BA6CBCE00E56671 /* SCNavigator.h */ = {isa = PBXFileReference; fileEncoding = 4; lastKnownFileType = sourcecode.c.h; path = SCNavigator.h; sourceTree = "<group>"; };
		FE71E13E1BA6CBCE00E56671 /* SCNavigator.m */ = {isa = PBXFileReference; fileEncoding = 4; lastKnownFileType = sourcecode.c.objc; path = SCNavigator.m; sourceTree = "<group>"; };
		FE71E1401BA6CE2200E56671 /* PhotoItem.h */ = {isa = PBXFileReference; fileEncoding = 4; lastKnownFileType = sourcecode.c.h; path = PhotoItem.h; sourceTree = "<group>"; };
		FE71E1411BA6CE2200E56671 /* PhotoItem.m */ = {isa = PBXFileReference; fileEncoding = 4; lastKnownFileType = sourcecode.c.objc; path = PhotoItem.m; sourceTree = "<group>"; };
		FE71E1431BA6D08D00E56671 /* CoreGraphics.framework */ = {isa = PBXFileReference; lastKnownFileType = wrapper.framework; name = CoreGraphics.framework; path = System/Library/Frameworks/CoreGraphics.framework; sourceTree = SDKROOT; };
		FE71E1461BA6E69A00E56671 /* 1.png */ = {isa = PBXFileReference; lastKnownFileType = image.png; path = 1.png; sourceTree = "<group>"; };
		FE71E1471BA6E69A00E56671 /* 2.png */ = {isa = PBXFileReference; lastKnownFileType = image.png; path = 2.png; sourceTree = "<group>"; };
		FE71E1481BA6E69A00E56671 /* 3.png */ = {isa = PBXFileReference; lastKnownFileType = image.png; path = 3.png; sourceTree = "<group>"; };
		FE71E1491BA6E69A00E56671 /* 4.png */ = {isa = PBXFileReference; lastKnownFileType = image.png; path = 4.png; sourceTree = "<group>"; };
		FE71E14A1BA6E69A00E56671 /* 5.png */ = {isa = PBXFileReference; lastKnownFileType = image.png; path = 5.png; sourceTree = "<group>"; };
/* End PBXFileReference section */

/* Begin PBXFrameworksBuildPhase section */
		FE71E0C01BA6B92800E56671 /* Frameworks */ = {
			isa = PBXFrameworksBuildPhase;
			buildActionMask = 2147483647;
			files = (
				FE71E1441BA6D08D00E56671 /* CoreGraphics.framework in Frameworks */,
			);
			runOnlyForDeploymentPostprocessing = 0;
		};
		FE71E0D91BA6B92800E56671 /* Frameworks */ = {
			isa = PBXFrameworksBuildPhase;
			buildActionMask = 2147483647;
			files = (
			);
			runOnlyForDeploymentPostprocessing = 0;
		};
/* End PBXFrameworksBuildPhase section */

/* Begin PBXGroup section */
		FE71E0BA1BA6B92800E56671 = {
			isa = PBXGroup;
			children = (
				FE71E1431BA6D08D00E56671 /* CoreGraphics.framework */,
				FE71E0C51BA6B92800E56671 /* goodsDetail */,
				FE71E0DF1BA6B92800E56671 /* goodsDetailTests */,
				FE71E0C41BA6B92800E56671 /* Products */,
			);
			sourceTree = "<group>";
		};
		FE71E0C41BA6B92800E56671 /* Products */ = {
			isa = PBXGroup;
			children = (
				FE71E0C31BA6B92800E56671 /* goodsDetail.app */,
				FE71E0DC1BA6B92800E56671 /* goodsDetailTests.xctest */,
			);
			name = Products;
			sourceTree = "<group>";
		};
		FE71E0C51BA6B92800E56671 /* goodsDetail */ = {
			isa = PBXGroup;
			children = (
				FE71E1451BA6D12600E56671 /* Img */,
				FE71E13C1BA6CBA700E56671 /* Addition */,
				FE71E1231BA6C26F00E56671 /* Lib */,
				FE71E1041BA6BEB700E56671 /* Model */,
				FE71E1031BA6BEAF00E56671 /* View */,
				FE71E0EF1BA6BA5B00E56671 /* ViewController */,
				FE71E0CA1BA6B92800E56671 /* AppDelegate.h */,
				FE71E0CB1BA6B92800E56671 /* AppDelegate.m */,
				FE71E0CD1BA6B92800E56671 /* ViewController.h */,
				FE71E0CE1BA6B92800E56671 /* ViewController.m */,
				FE71E0D31BA6B92800E56671 /* Images.xcassets */,
				FE71E0D51BA6B92800E56671 /* LaunchScreen.xib */,
				FE71E0C61BA6B92800E56671 /* Supporting Files */,
			);
			path = goodsDetail;
			sourceTree = "<group>";
		};
		FE71E0C61BA6B92800E56671 /* Supporting Files */ = {
			isa = PBXGroup;
			children = (
				FE71E0C71BA6B92800E56671 /* Info.plist */,
				FE71E0C81BA6B92800E56671 /* main.m */,
			);
			name = "Supporting Files";
			sourceTree = "<group>";
		};
		FE71E0DF1BA6B92800E56671 /* goodsDetailTests */ = {
			isa = PBXGroup;
			children = (
				FE71E0E21BA6B92800E56671 /* goodsDetailTests.m */,
				FE71E0E01BA6B92800E56671 /* Supporting Files */,
			);
			path = goodsDetailTests;
			sourceTree = "<group>";
		};
		FE71E0E01BA6B92800E56671 /* Supporting Files */ = {
			isa = PBXGroup;
			children = (
				FE71E0E11BA6B92800E56671 /* Info.plist */,
			);
			name = "Supporting Files";
			sourceTree = "<group>";
		};
		FE71E0EF1BA6BA5B00E56671 /* ViewController */ = {
			isa = PBXGroup;
			children = (
				FE71E0F01BA6BB0800E56671 /* PDMainViewController.h */,
				FE71E0F11BA6BB0800E56671 /* PDMainViewController.m */,
				FE71E0F21BA6BB0800E56671 /* PDMainViewController.xib */,
				FE71E0F71BA6BB0800E56671 /* PDSubViewController.h */,
				FE71E0F81BA6BB0800E56671 /* PDSubViewController.m */,
				FE71E0F91BA6BB0800E56671 /* PDSubViewController.xib */,
			);
			path = ViewController;
			sourceTree = "<group>";
		};
		FE71E1031BA6BEAF00E56671 /* View */ = {
			isa = PBXGroup;
			children = (
				FE71E1271BA6C3B600E56671 /* Cell */,
				FE71E1201BA6C21F00E56671 /* FiniteScrollView.h */,
				FE71E1211BA6C21F00E56671 /* FiniteScrollView.m */,
				FE71E1131BA6C03E00E56671 /* PDBottomView.h */,
				FE71E1141BA6C03E00E56671 /* PDBottomView.m */,
				FE71E1151BA6C03E00E56671 /* PDDetailNavbar.h */,
				FE71E1161BA6C03F00E56671 /* PDDetailNavbar.m */,
				FE71E1171BA6C03F00E56671 /* PDHeaderView.h */,
				FE71E1181BA6C03F00E56671 /* PDHeaderView.m */,
				FE71E1191BA6C03F00E56671 /* PDHeadImageView.h */,
				FE71E11A1BA6C03F00E56671 /* PDHeadImageView.m */,
				FE71E1051BA6BF2900E56671 /* PDPullDownRefreshView.h */,
				FE71E1061BA6BF2900E56671 /* PDPullDownRefreshView.m */,
				FE71E1091BA6BF2900E56671 /* PDPullUpRefreshView.h */,
				FE71E10A1BA6BF2900E56671 /* PDPullUpRefreshView.m */,
			);
			path = View;
			sourceTree = "<group>";
		};
		FE71E1041BA6BEB700E56671 /* Model */ = {
			isa = PBXGroup;
			children = (
				FE71E1401BA6CE2200E56671 /* PhotoItem.h */,
				FE71E1411BA6CE2200E56671 /* PhotoItem.m */,
				FE71E10E1BA6BF5200E56671 /* ProductV2.h */,
				FE71E10F1BA6BF5200E56671 /* ProductV2.m */,
			);
			path = Model;
			sourceTree = "<group>";
		};
		FE71E1231BA6C26F00E56671 /* Lib */ = {
			isa = PBXGroup;
			children = (
				FE71E1241BA6C28B00E56671 /* SDWebImage */,
			);
			path = Lib;
			sourceTree = "<group>";
		};
		FE71E1271BA6C3B600E56671 /* Cell */ = {
			isa = PBXGroup;
			children = (
				FE71E1281BA6C41C00E56671 /* PDBaseTableCell.h */,
				FE71E1291BA6C41C00E56671 /* PDBaseTableCell.m */,
				FE71E12C1BA6C41C00E56671 /* PDDescribeCell.h */,
				FE71E12D1BA6C41C00E56671 /* PDDescribeCell.m */,
				FE71E1301BA6C41C00E56671 /* PDPullUpRefreshCell.h */,
				FE71E1311BA6C41C00E56671 /* PDPullUpRefreshCell.m */,
				FE71E1321BA6C41C00E56671 /* PDSubViewPhotoCell.h */,
				FE71E1331BA6C41C00E56671 /* PDSubViewPhotoCell.m */,
				FE71E1341BA6C41C00E56671 /* PDSubViewPhotoCell.xib */,
			);
			path = Cell;
			sourceTree = "<group>";
		};
		FE71E13C1BA6CBA700E56671 /* Addition */ = {
			isa = PBXGroup;
			children = (
				FE71E13D1BA6CBCE00E56671 /* SCNavigator.h */,
				FE71E13E1BA6CBCE00E56671 /* SCNavigator.m */,
			);
			path = Addition;
			sourceTree = "<group>";
		};
		FE71E1451BA6D12600E56671 /* Img */ = {
			isa = PBXGroup;
			children = (
				FE71E1461BA6E69A00E56671 /* 1.png */,
				FE71E1471BA6E69A00E56671 /* 2.png */,
				FE71E1481BA6E69A00E56671 /* 3.png */,
				FE71E1491BA6E69A00E56671 /* 4.png */,
				FE71E14A1BA6E69A00E56671 /* 5.png */,
			);
			path = Img;
			sourceTree = "<group>";
		};
/* End PBXGroup section */

/* Begin PBXNativeTarget section */
		FE71E0C21BA6B92800E56671 /* goodsDetail */ = {
			isa = PBXNativeTarget;
			buildConfigurationList = FE71E0E61BA6B92800E56671 /* Build configuration list for PBXNativeTarget "goodsDetail" */;
			buildPhases = (
				FE71E0BF1BA6B92800E56671 /* Sources */,
				FE71E0C01BA6B92800E56671 /* Frameworks */,
				FE71E0C11BA6B92800E56671 /* Resources */,
			);
			buildRules = (
			);
			dependencies = (
			);
			name = goodsDetail;
			productName = goodsDetail;
			productReference = FE71E0C31BA6B92800E56671 /* goodsDetail.app */;
			productType = "com.apple.product-type.application";
		};
		FE71E0DB1BA6B92800E56671 /* goodsDetailTests */ = {
			isa = PBXNativeTarget;
			buildConfigurationList = FE71E0E91BA6B92800E56671 /* Build configuration list for PBXNativeTarget "goodsDetailTests" */;
			buildPhases = (
				FE71E0D81BA6B92800E56671 /* Sources */,
				FE71E0D91BA6B92800E56671 /* Frameworks */,
				FE71E0DA1BA6B92800E56671 /* Resources */,
			);
			buildRules = (
			);
			dependencies = (
				FE71E0DE1BA6B92800E56671 /* PBXTargetDependency */,
			);
			name = goodsDetailTests;
			productName = goodsDetailTests;
			productReference = FE71E0DC1BA6B92800E56671 /* goodsDetailTests.xctest */;
			productType = "com.apple.product-type.bundle.unit-test";
		};
/* End PBXNativeTarget section */

/* Begin PBXProject section */
		FE71E0BB1BA6B92800E56671 /* Project object */ = {
			isa = PBXProject;
			attributes = {
				LastUpgradeCheck = 0640;
				ORGANIZATIONNAME = zhengbj;
				TargetAttributes = {
					FE71E0C21BA6B92800E56671 = {
						CreatedOnToolsVersion = 6.4;
					};
					FE71E0DB1BA6B92800E56671 = {
						CreatedOnToolsVersion = 6.4;
						TestTargetID = FE71E0C21BA6B92800E56671;
					};
				};
			};
			buildConfigurationList = FE71E0BE1BA6B92800E56671 /* Build configuration list for PBXProject "goodsDetail" */;
			compatibilityVersion = "Xcode 3.2";
			developmentRegion = English;
			hasScannedForEncodings = 0;
			knownRegions = (
				en,
				Base,
			);
			mainGroup = FE71E0BA1BA6B92800E56671;
			productRefGroup = FE71E0C41BA6B92800E56671 /* Products */;
			projectDirPath = "";
			projectRoot = "";
			targets = (
				FE71E0C21BA6B92800E56671 /* goodsDetail */,
				FE71E0DB1BA6B92800E56671 /* goodsDetailTests */,
			);
		};
/* End PBXProject section */

/* Begin PBXResourcesBuildPhase section */
		FE71E0C11BA6B92800E56671 /* Resources */ = {
			isa = PBXResourcesBuildPhase;
			buildActionMask = 2147483647;
			files = (
				FE71E14E1BA6E69A00E56671 /* 4.png in Resources */,
				FE71E1251BA6C28B00E56671 /* SDWebImage in Resources */,
				FE71E14B1BA6E69A00E56671 /* 1.png in Resources */,
				FE71E13B1BA6C41C00E56671 /* PDSubViewPhotoCell.xib in Resources */,
				FE71E0FB1BA6BB0800E56671 /* PDMainViewController.xib in Resources */,
				FE71E14D1BA6E69A00E56671 /* 3.png in Resources */,
				FE71E0FF1BA6BB0800E56671 /* PDSubViewController.xib in Resources */,
				FE71E14C1BA6E69A00E56671 /* 2.png in Resources */,
				FE71E14F1BA6E69A00E56671 /* 5.png in Resources */,
				FE71E0D71BA6B92800E56671 /* LaunchScreen.xib in Resources */,
				FE71E0D41BA6B92800E56671 /* Images.xcassets in Resources */,
			);
			runOnlyForDeploymentPostprocessing = 0;
		};
		FE71E0DA1BA6B92800E56671 /* Resources */ = {
			isa = PBXResourcesBuildPhase;
			buildActionMask = 2147483647;
			files = (
			);
			runOnlyForDeploymentPostprocessing = 0;
		};
/* End PBXResourcesBuildPhase section */

/* Begin PBXSourcesBuildPhase section */
		FE71E0BF1BA6B92800E56671 /* Sources */ = {
			isa = PBXSourcesBuildPhase;
			buildActionMask = 2147483647;
			files = (
				FE71E1261BA6C35800E56671 /* SDWebImage in Sources */,
				FE71E11D1BA6C03F00E56671 /* PDDetailNavbar.m in Sources */,
				FE71E11E1BA6C03F00E56671 /* PDHeaderView.m in Sources */,
				FE71E1351BA6C41C00E56671 /* PDBaseTableCell.m in Sources */,
				FE71E1391BA6C41C00E56671 /* PDPullUpRefreshCell.m in Sources */,
				FE71E10D1BA6BF2900E56671 /* PDPullUpRefreshView.m in Sources */,
				FE71E0CF1BA6B92800E56671 /* ViewController.m in Sources */,
				FE71E1371BA6C41C00E56671 /* PDDescribeCell.m in Sources */,
				FE71E10B1BA6BF2900E56671 /* PDPullDownRefreshView.m in Sources */,
				FE71E11C1BA6C03F00E56671 /* PDBottomView.m in Sources */,
				FE71E11F1BA6C03F00E56671 /* PDHeadImageView.m in Sources */,
				FE71E0FA1BA6BB0800E56671 /* PDMainViewController.m in Sources */,
				FE71E0CC1BA6B92800E56671 /* AppDelegate.m in Sources */,
				FE71E13F1BA6CBCE00E56671 /* SCNavigator.m in Sources */,
				FE71E0FE1BA6BB0800E56671 /* PDSubViewController.m in Sources */,
				FE71E1101BA6BF5200E56671 /* ProductV2.m in Sources */,
				FE71E1221BA6C21F00E56671 /* FiniteScrollView.m in Sources */,
				FE71E1421BA6CE2200E56671 /* PhotoItem.m in Sources */,
				FE71E13A1BA6C41C00E56671 /* PDSubViewPhotoCell.m in Sources */,
				FE71E0C91BA6B92800E56671 /* main.m in Sources */,
			);
			runOnlyForDeploymentPostprocessing = 0;
		};
		FE71E0D81BA6B92800E56671 /* Sources */ = {
			isa = PBXSourcesBuildPhase;
			buildActionMask = 2147483647;
			files = (
				FE71E0E31BA6B92800E56671 /* goodsDetailTests.m in Sources */,
			);
			runOnlyForDeploymentPostprocessing = 0;
		};
/* End PBXSourcesBuildPhase section */

/* Begin PBXTargetDependency section */
		FE71E0DE1BA6B92800E56671 /* PBXTargetDependency */ = {
			isa = PBXTargetDependency;
			target = FE71E0C21BA6B92800E56671 /* goodsDetail */;
			targetProxy = FE71E0DD1BA6B92800E56671 /* PBXContainerItemProxy */;
		};
/* End PBXTargetDependency section */

/* Begin PBXVariantGroup section */
		FE71E0D51BA6B92800E56671 /* LaunchScreen.xib */ = {
			isa = PBXVariantGroup;
			children = (
				FE71E0D61BA6B92800E56671 /* Base */,
			);
			name = LaunchScreen.xib;
			sourceTree = "<group>";
		};
/* End PBXVariantGroup section */

/* Begin XCBuildConfiguration section */
		FE71E0E41BA6B92800E56671 /* Debug */ = {
			isa = XCBuildConfiguration;
			buildSettings = {
				ALWAYS_SEARCH_USER_PATHS = NO;
				CLANG_CXX_LANGUAGE_STANDARD = "gnu++0x";
				CLANG_CXX_LIBRARY = "libc++";
				CLANG_ENABLE_MODULES = YES;
				CLANG_ENABLE_OBJC_ARC = YES;
				CLANG_WARN_BOOL_CONVERSION = YES;
				CLANG_WARN_CONSTANT_CONVERSION = YES;
				CLANG_WARN_DIRECT_OBJC_ISA_USAGE = YES_ERROR;
				CLANG_WARN_EMPTY_BODY = YES;
				CLANG_WARN_ENUM_CONVERSION = YES;
				CLANG_WARN_INT_CONVERSION = YES;
				CLANG_WARN_OBJC_ROOT_CLASS = YES_ERROR;
				CLANG_WARN_UNREACHABLE_CODE = YES;
				CLANG_WARN__DUPLICATE_METHOD_MATCH = YES;
				"CODE_SIGN_IDENTITY[sdk=iphoneos*]" = "iPhone Developer";
				COPY_PHASE_STRIP = NO;
				DEBUG_INFORMATION_FORMAT = "dwarf-with-dsym";
				ENABLE_STRICT_OBJC_MSGSEND = YES;
				GCC_C_LANGUAGE_STANDARD = gnu99;
				GCC_DYNAMIC_NO_PIC = NO;
				GCC_NO_COMMON_BLOCKS = YES;
				GCC_OPTIMIZATION_LEVEL = 0;
				GCC_PREPROCESSOR_DEFINITIONS = (
					"DEBUG=1",
					"$(inherited)",
				);
				GCC_SYMBOLS_PRIVATE_EXTERN = NO;
				GCC_WARN_64_TO_32_BIT_CONVERSION = YES;
				GCC_WARN_ABOUT_RETURN_TYPE = YES_ERROR;
				GCC_WARN_UNDECLARED_SELECTOR = YES;
				GCC_WARN_UNINITIALIZED_AUTOS = YES_AGGRESSIVE;
				GCC_WARN_UNUSED_FUNCTION = YES;
				GCC_WARN_UNUSED_VARIABLE = YES;
				IPHONEOS_DEPLOYMENT_TARGET = 8.4;
				MTL_ENABLE_DEBUG_INFO = YES;
				ONLY_ACTIVE_ARCH = YES;
				SDKROOT = iphoneos;
			};
			name = Debug;
		};
		FE71E0E51BA6B92800E56671 /* Release */ = {
			isa = XCBuildConfiguration;
			buildSettings = {
				ALWAYS_SEARCH_USER_PATHS = NO;
				CLANG_CXX_LANGUAGE_STANDARD = "gnu++0x";
				CLANG_CXX_LIBRARY = "libc++";
				CLANG_ENABLE_MODULES = YES;
				CLANG_ENABLE_OBJC_ARC = YES;
				CLANG_WARN_BOOL_CONVERSION = YES;
				CLANG_WARN_CONSTANT_CONVERSION = YES;
				CLANG_WARN_DIRECT_OBJC_ISA_USAGE = YES_ERROR;
				CLANG_WARN_EMPTY_BODY = YES;
				CLANG_WARN_ENUM_CONVERSION = YES;
				CLANG_WARN_INT_CONVERSION = YES;
				CLANG_WARN_OBJC_ROOT_CLASS = YES_ERROR;
				CLANG_WARN_UNREACHABLE_CODE = YES;
				CLANG_WARN__DUPLICATE_METHOD_MATCH = YES;
				"CODE_SIGN_IDENTITY[sdk=iphoneos*]" = "iPhone Developer";
				COPY_PHASE_STRIP = NO;
				DEBUG_INFORMATION_FORMAT = "dwarf-with-dsym";
				ENABLE_NS_ASSERTIONS = NO;
				ENABLE_STRICT_OBJC_MSGSEND = YES;
				GCC_C_LANGUAGE_STANDARD = gnu99;
				GCC_NO_COMMON_BLOCKS = YES;
				GCC_WARN_64_TO_32_BIT_CONVERSION = YES;
				GCC_WARN_ABOUT_RETURN_TYPE = YES_ERROR;
				GCC_WARN_UNDECLARED_SELECTOR = YES;
				GCC_WARN_UNINITIALIZED_AUTOS = YES_AGGRESSIVE;
				GCC_WARN_UNUSED_FUNCTION = YES;
				GCC_WARN_UNUSED_VARIABLE = YES;
				IPHONEOS_DEPLOYMENT_TARGET = 8.4;
				MTL_ENABLE_DEBUG_INFO = NO;
				SDKROOT = iphoneos;
				VALIDATE_PRODUCT = YES;
			};
			name = Release;
		};
		FE71E0E71BA6B92800E56671 /* Debug */ = {
			isa = XCBuildConfiguration;
			buildSettings = {
				ASSETCATALOG_COMPILER_APPICON_NAME = AppIcon;
				INFOPLIST_FILE = goodsDetail/Info.plist;
				LD_RUNPATH_SEARCH_PATHS = "$(inherited) @executable_path/Frameworks";
				PRODUCT_NAME = "$(TARGET_NAME)";
			};
			name = Debug;
		};
		FE71E0E81BA6B92800E56671 /* Release */ = {
			isa = XCBuildConfiguration;
			buildSettings = {
				ASSETCATALOG_COMPILER_APPICON_NAME = AppIcon;
				INFOPLIST_FILE = goodsDetail/Info.plist;
				LD_RUNPATH_SEARCH_PATHS = "$(inherited) @executable_path/Frameworks";
				PRODUCT_NAME = "$(TARGET_NAME)";
			};
			name = Release;
		};
		FE71E0EA1BA6B92800E56671 /* Debug */ = {
			isa = XCBuildConfiguration;
			buildSettings = {
				BUNDLE_LOADER = "$(TEST_HOST)";
				FRAMEWORK_SEARCH_PATHS = (
					"$(SDKROOT)/Developer/Library/Frameworks",
					"$(inherited)",
				);
				GCC_PREPROCESSOR_DEFINITIONS = (
					"DEBUG=1",
					"$(inherited)",
				);
				INFOPLIST_FILE = goodsDetailTests/Info.plist;
				LD_RUNPATH_SEARCH_PATHS = "$(inherited) @executable_path/Frameworks @loader_path/Frameworks";
				PRODUCT_NAME = "$(TARGET_NAME)";
				TEST_HOST = "$(BUILT_PRODUCTS_DIR)/goodsDetail.app/goodsDetail";
			};
			name = Debug;
		};
		FE71E0EB1BA6B92800E56671 /* Release */ = {
			isa = XCBuildConfiguration;
			buildSettings = {
				BUNDLE_LOADER = "$(TEST_HOST)";
				FRAMEWORK_SEARCH_PATHS = (
					"$(SDKROOT)/Developer/Library/Frameworks",
					"$(inherited)",
				);
				INFOPLIST_FILE = goodsDetailTests/Info.plist;
				LD_RUNPATH_SEARCH_PATHS = "$(inherited) @executable_path/Frameworks @loader_path/Frameworks";
				PRODUCT_NAME = "$(TARGET_NAME)";
				TEST_HOST = "$(BUILT_PRODUCTS_DIR)/goodsDetail.app/goodsDetail";
			};
			name = Release;
		};
/* End XCBuildConfiguration section */

/* Begin XCConfigurationList section */
		FE71E0BE1BA6B92800E56671 /* Build configuration list for PBXProject "goodsDetail" */ = {
			isa = XCConfigurationList;
			buildConfigurations = (
				FE71E0E41BA6B92800E56671 /* Debug */,
				FE71E0E51BA6B92800E56671 /* Release */,
			);
			defaultConfigurationIsVisible = 0;
			defaultConfigurationName = Release;
		};
		FE71E0E61BA6B92800E56671 /* Build configuration list for PBXNativeTarget "goodsDetail" */ = {
			isa = XCConfigurationList;
			buildConfigurations = (
				FE71E0E71BA6B92800E56671 /* Debug */,
				FE71E0E81BA6B92800E56671 /* Release */,
			);
			defaultConfigurationIsVisible = 0;
			defaultConfigurationName = Release;
		};
		FE71E0E91BA6B92800E56671 /* Build configuration list for PBXNativeTarget "goodsDetailTests" */ = {
			isa = XCConfigurationList;
			buildConfigurations = (
				FE71E0EA1BA6B92800E56671 /* Debug */,
				FE71E0EB1BA6B92800E56671 /* Release */,
			);
			defaultConfigurationIsVisible = 0;
			defaultConfigurationName = Release;
		};
/* End XCConfigurationList section */
	};
	rootObject = FE71E0BB1BA6B92800E56671 /* Project object */;
}
